
Microsoft Visual Studio Solution File, Format Version 12.00
# Visual Studio Version 16
VisualStudioVersion = 16.0.29503.13
MinimumVisualStudioVersion = 10.0.40219.1
Project("{FAE04EC0-301F-11D3-BF4B-00C04F79EFBC}") = "LOOP-Do-While", "LOOP-Do-While\LOOP-Do-While.csproj", "{3E4DB96C-B6CD-4D17-AE48-73D4C6C772CE}"
EndProject
Global
	GlobalSection(SolutionConfigurationPlatforms) = preSolution
		Debug|Any CPU = Debug|Any CPU
		Release|Any CPU = Release|Any CPU
	EndGlobalSection
	GlobalSection(ProjectConfigurationPlatforms) = postSolution
		{3E4DB96C-B6CD-4D17-AE48-73D4C6C772CE}.Debug|Any CPU.ActiveCfg = Debug|Any CPU
		{3E4DB96C-B6CD-4D17-AE48-73D4C6C772CE}.Debug|Any CPU.Build.0 = Debug|Any CPU
		{3E4DB96C-B6CD-4D17-AE48-73D4C6C772CE}.Release|Any CPU.ActiveCfg = Release|Any CPU
		{3E4DB96C-B6CD-4D17-AE48-73D4C6C772CE}.Release|Any CPU.Build.0 = Release|Any CPU
	EndGlobalSection
	GlobalSection(SolutionProperties) = preSolution
		HideSolutionNode = FALSE
	EndGlobalSection
	GlobalSection(ExtensibilityGlobals) = postSolution
		SolutionGuid = {741BBD50-80F9-4E60-B571-FD6A156CC16A}
	EndGlobalSection
EndGlobal
