
Microsoft Visual Studio Solution File, Format Version 12.00
# Visual Studio Version 16
VisualStudioVersion = 16.0.29503.13
MinimumVisualStudioVersion = 10.0.40219.1
Project("{FAE04EC0-301F-11D3-BF4B-00C04F79EFBC}") = "Concatenating-and-Formatting", "Concatenating-and-Formatting\Concatenating-and-Formatting.csproj", "{2A9CC0FB-77D4-4E6F-A33A-74D1E7595D9A}"
EndProject
Global
	GlobalSection(SolutionConfigurationPlatforms) = preSolution
		Debug|Any CPU = Debug|Any CPU
		Release|Any CPU = Release|Any CPU
	EndGlobalSection
	GlobalSection(ProjectConfigurationPlatforms) = postSolution
		{2A9CC0FB-77D4-4E6F-A33A-74D1E7595D9A}.Debug|Any CPU.ActiveCfg = Debug|Any CPU
		{2A9CC0FB-77D4-4E6F-A33A-74D1E7595D9A}.Debug|Any CPU.Build.0 = Debug|Any CPU
		{2A9CC0FB-77D4-4E6F-A33A-74D1E7595D9A}.Release|Any CPU.ActiveCfg = Release|Any CPU
		{2A9CC0FB-77D4-4E6F-A33A-74D1E7595D9A}.Release|Any CPU.Build.0 = Release|Any CPU
	EndGlobalSection
	GlobalSection(SolutionProperties) = preSolution
		HideSolutionNode = FALSE
	EndGlobalSection
	GlobalSection(ExtensibilityGlobals) = postSolution
		SolutionGuid = {E2E4C363-4D26-4E0A-9377-C7B38AFD8EE0}
	EndGlobalSection
EndGlobal
