
Microsoft Visual Studio Solution File, Format Version 12.00
# Visual Studio Version 16
VisualStudioVersion = 16.0.29215.179
MinimumVisualStudioVersion = 10.0.40219.1
Project("{FAE04EC0-301F-11D3-BF4B-00C04F79EFBC}") = "TryParse", "TryParse\TryParse.csproj", "{FE28C7C6-DE1F-4AB3-8439-4C0273391FCD}"
EndProject
Global
	GlobalSection(SolutionConfigurationPlatforms) = preSolution
		Debug|Any CPU = Debug|Any CPU
		Release|Any CPU = Release|Any CPU
	EndGlobalSection
	GlobalSection(ProjectConfigurationPlatforms) = postSolution
		{FE28C7C6-DE1F-4AB3-8439-4C0273391FCD}.Debug|Any CPU.ActiveCfg = Debug|Any CPU
		{FE28C7C6-DE1F-4AB3-8439-4C0273391FCD}.Debug|Any CPU.Build.0 = Debug|Any CPU
		{FE28C7C6-DE1F-4AB3-8439-4C0273391FCD}.Release|Any CPU.ActiveCfg = Release|Any CPU
		{FE28C7C6-DE1F-4AB3-8439-4C0273391FCD}.Release|Any CPU.Build.0 = Release|Any CPU
	EndGlobalSection
	GlobalSection(SolutionProperties) = preSolution
		HideSolutionNode = FALSE
	EndGlobalSection
	GlobalSection(ExtensibilityGlobals) = postSolution
		SolutionGuid = {55F1EBDD-2F61-46BE-AD66-CF15A1A77717}
	EndGlobalSection
EndGlobal
