
Microsoft Visual Studio Solution File, Format Version 12.00
# Visual Studio Version 16
VisualStudioVersion = 16.0.29503.13
MinimumVisualStudioVersion = 10.0.40219.1
Project("{FAE04EC0-301F-11D3-BF4B-00C04F79EFBC}") = "Switch-Age-Sample", "Switch-Age-Sample\Switch-Age-Sample.csproj", "{5077C3C8-270C-4F2D-B80F-4E1E5C2AC758}"
EndProject
Global
	GlobalSection(SolutionConfigurationPlatforms) = preSolution
		Debug|Any CPU = Debug|Any CPU
		Release|Any CPU = Release|Any CPU
	EndGlobalSection
	GlobalSection(ProjectConfigurationPlatforms) = postSolution
		{5077C3C8-270C-4F2D-B80F-4E1E5C2AC758}.Debug|Any CPU.ActiveCfg = Debug|Any CPU
		{5077C3C8-270C-4F2D-B80F-4E1E5C2AC758}.Debug|Any CPU.Build.0 = Debug|Any CPU
		{5077C3C8-270C-4F2D-B80F-4E1E5C2AC758}.Release|Any CPU.ActiveCfg = Release|Any CPU
		{5077C3C8-270C-4F2D-B80F-4E1E5C2AC758}.Release|Any CPU.Build.0 = Release|Any CPU
	EndGlobalSection
	GlobalSection(SolutionProperties) = preSolution
		HideSolutionNode = FALSE
	EndGlobalSection
	GlobalSection(ExtensibilityGlobals) = postSolution
		SolutionGuid = {92AA4731-F1CF-4FBD-B977-30BE3353248E}
	EndGlobalSection
EndGlobal
