
Microsoft Visual Studio Solution File, Format Version 12.00
# Visual Studio Version 16
VisualStudioVersion = 16.0.29215.179
MinimumVisualStudioVersion = 10.0.40219.1
Project("{FAE04EC0-301F-11D3-BF4B-00C04F79EFBC}") = "If_Statement_OR", "If_Statement_OR\If_Statement_OR.csproj", "{EB480287-5E45-4395-A465-236B27D9322E}"
EndProject
Global
	GlobalSection(SolutionConfigurationPlatforms) = preSolution
		Debug|Any CPU = Debug|Any CPU
		Release|Any CPU = Release|Any CPU
	EndGlobalSection
	GlobalSection(ProjectConfigurationPlatforms) = postSolution
		{EB480287-5E45-4395-A465-236B27D9322E}.Debug|Any CPU.ActiveCfg = Debug|Any CPU
		{EB480287-5E45-4395-A465-236B27D9322E}.Debug|Any CPU.Build.0 = Debug|Any CPU
		{EB480287-5E45-4395-A465-236B27D9322E}.Release|Any CPU.ActiveCfg = Release|Any CPU
		{EB480287-5E45-4395-A465-236B27D9322E}.Release|Any CPU.Build.0 = Release|Any CPU
	EndGlobalSection
	GlobalSection(SolutionProperties) = preSolution
		HideSolutionNode = FALSE
	EndGlobalSection
	GlobalSection(ExtensibilityGlobals) = postSolution
		SolutionGuid = {972344A4-AA7F-4D9F-B169-8744F472B5EE}
	EndGlobalSection
EndGlobal
