
Microsoft Visual Studio Solution File, Format Version 12.00
# Visual Studio Version 16
VisualStudioVersion = 16.0.29503.13
MinimumVisualStudioVersion = 10.0.40219.1
Project("{FAE04EC0-301F-11D3-BF4B-00C04F79EFBC}") = "Switch", "Switch\Switch.csproj", "{1781EFE0-B4EB-40D9-9DCC-6CE6C947DE1D}"
EndProject
Global
	GlobalSection(SolutionConfigurationPlatforms) = preSolution
		Debug|Any CPU = Debug|Any CPU
		Release|Any CPU = Release|Any CPU
	EndGlobalSection
	GlobalSection(ProjectConfigurationPlatforms) = postSolution
		{1781EFE0-B4EB-40D9-9DCC-6CE6C947DE1D}.Debug|Any CPU.ActiveCfg = Debug|Any CPU
		{1781EFE0-B4EB-40D9-9DCC-6CE6C947DE1D}.Debug|Any CPU.Build.0 = Debug|Any CPU
		{1781EFE0-B4EB-40D9-9DCC-6CE6C947DE1D}.Release|Any CPU.ActiveCfg = Release|Any CPU
		{1781EFE0-B4EB-40D9-9DCC-6CE6C947DE1D}.Release|Any CPU.Build.0 = Release|Any CPU
	EndGlobalSection
	GlobalSection(SolutionProperties) = preSolution
		HideSolutionNode = FALSE
	EndGlobalSection
	GlobalSection(ExtensibilityGlobals) = postSolution
		SolutionGuid = {0BBC6B01-07CF-48E4-A9E8-7609A2BB70F4}
	EndGlobalSection
EndGlobal
