
Microsoft Visual Studio Solution File, Format Version 12.00
# Visual Studio Version 16
VisualStudioVersion = 16.0.29503.13
MinimumVisualStudioVersion = 10.0.40219.1
Project("{FAE04EC0-301F-11D3-BF4B-00C04F79EFBC}") = "WindowsFormsApp1", "WindowsFormsApp1\WindowsFormsApp1.csproj", "{43102A8A-E4E6-479E-A08E-4A7E30AA675C}"
EndProject
Global
	GlobalSection(SolutionConfigurationPlatforms) = preSolution
		Debug|Any CPU = Debug|Any CPU
		Release|Any CPU = Release|Any CPU
	EndGlobalSection
	GlobalSection(ProjectConfigurationPlatforms) = postSolution
		{43102A8A-E4E6-479E-A08E-4A7E30AA675C}.Debug|Any CPU.ActiveCfg = Debug|Any CPU
		{43102A8A-E4E6-479E-A08E-4A7E30AA675C}.Debug|Any CPU.Build.0 = Debug|Any CPU
		{43102A8A-E4E6-479E-A08E-4A7E30AA675C}.Release|Any CPU.ActiveCfg = Release|Any CPU
		{43102A8A-E4E6-479E-A08E-4A7E30AA675C}.Release|Any CPU.Build.0 = Release|Any CPU
	EndGlobalSection
	GlobalSection(SolutionProperties) = preSolution
		HideSolutionNode = FALSE
	EndGlobalSection
	GlobalSection(ExtensibilityGlobals) = postSolution
		SolutionGuid = {0AAEE26E-8B92-4EDE-944C-8AE2DA759A69}
	EndGlobalSection
EndGlobal
