
Microsoft Visual Studio Solution File, Format Version 12.00
# Visual Studio Version 16
VisualStudioVersion = 16.0.29509.3
MinimumVisualStudioVersion = 10.0.40219.1
Project("{FAE04EC0-301F-11D3-BF4B-00C04F79EFBC}") = "WebForm-FirstName-LastName", "WebForm-FirstName-LastName\WebForm-FirstName-LastName.csproj", "{D844F5C2-EFE7-447C-87A3-089F0723CC7F}"
EndProject
Global
	GlobalSection(SolutionConfigurationPlatforms) = preSolution
		Debug|Any CPU = Debug|Any CPU
		Release|Any CPU = Release|Any CPU
	EndGlobalSection
	GlobalSection(ProjectConfigurationPlatforms) = postSolution
		{D844F5C2-EFE7-447C-87A3-089F0723CC7F}.Debug|Any CPU.ActiveCfg = Debug|Any CPU
		{D844F5C2-EFE7-447C-87A3-089F0723CC7F}.Debug|Any CPU.Build.0 = Debug|Any CPU
		{D844F5C2-EFE7-447C-87A3-089F0723CC7F}.Release|Any CPU.ActiveCfg = Release|Any CPU
		{D844F5C2-EFE7-447C-87A3-089F0723CC7F}.Release|Any CPU.Build.0 = Release|Any CPU
	EndGlobalSection
	GlobalSection(SolutionProperties) = preSolution
		HideSolutionNode = FALSE
	EndGlobalSection
	GlobalSection(ExtensibilityGlobals) = postSolution
		SolutionGuid = {832656F7-3CCA-4598-8979-92A5AC6F40F3}
	EndGlobalSection
EndGlobal
